{
	"name": "@sdx/view",
	"version": "1.1.24",
	"lockfileVersion": 1,
	"requires": true,
	"dependencies": {
		"@interactjs/actions": {
			"version": "1.6.1",
			"resolved": "http://192.168.20.38:4873/@interactjs%2factions/-/actions-1.6.1.tgz",
			"integrity": "sha512-HuHuLUbmePCq1UFKwz87X5pd7YM/+dQBpCggDt7kDEk07tOMJXpJCtdGWXWC5QkTK8PqOkPNetyW+K/bP03Gnw=="
		},
		"@interactjs/auto-scroll": {
			"version": "1.6.1",
			"resolved": "http://192.168.20.38:4873/@interactjs%2fauto-scroll/-/auto-scroll-1.6.1.tgz",
			"integrity": "sha512-CCChGEoU9ii2HqSZ4psc66ARcWQ1Xp1zfeNb4CGJefrCNdZ5svpLrtKtopSIeLND2FpsMKAcT9WGVTPP2UJS/w=="
		},
		"@interactjs/auto-start": {
			"version": "1.6.1",
			"resolved": "http://192.168.20.38:4873/@interactjs%2fauto-start/-/auto-start-1.6.1.tgz",
			"integrity": "sha512-KyopfHVGvoYjRZqMnGnmcDImGBDaUWTOkgy5gBc72GBr7j+XqE0fKKwaz4EexYEjSISS0ftetvoM+GZSKWnG1w=="
		},
		"@interactjs/core": {
			"version": "1.6.1",
			"resolved": "http://192.168.20.38:4873/@interactjs%2fcore/-/core-1.6.1.tgz",
			"integrity": "sha512-5D9nbLLpDduYz3WO+7rObTPn8dmbvuEvBsyCgxpKwREo98svASWiEClhdwaKOUCaZZPouVuP4XtIQHrbGDTbAA=="
		},
		"@interactjs/dev-tools": {
			"version": "1.6.1",
			"resolved": "http://192.168.20.38:4873/@interactjs%2fdev-tools/-/dev-tools-1.6.1.tgz",
			"integrity": "sha512-zUzlcu/bEe/RKeldQvX35KhzQKoSfCMayzTZ73V/j8vByQCwF6pb/6RKQFEuk/BZYBRyVit7OCQBLfpTkwdDNQ==",
			"requires": {
				"@interactjs/utils": "1.6.1"
			}
		},
		"@interactjs/inertia": {
			"version": "1.6.1",
			"resolved": "http://192.168.20.38:4873/@interactjs%2finertia/-/inertia-1.6.1.tgz",
			"integrity": "sha512-LK3x8FQ44uwFEePNfpZKzN/He2NCLdjnseJCBZvkhha1lVf25BL7L/XAocVk8F3qILnAQlnouI+fo80zIGYQ8Q=="
		},
		"@interactjs/interact": {
			"version": "1.6.1",
			"resolved": "http://192.168.20.38:4873/@interactjs%2finteract/-/interact-1.6.1.tgz",
			"integrity": "sha512-jfX9dfZ3YxJ1TVws0cLqJAkT/CMefrb7BtWfN57R1NbVY1k1L+NERlNcKnsiCoxBbl2Y97XcIOvtSgO/qGuPcQ=="
		},
		"@interactjs/modifiers": {
			"version": "1.6.1",
			"resolved": "http://192.168.20.38:4873/@interactjs%2fmodifiers/-/modifiers-1.6.1.tgz",
			"integrity": "sha512-OxpAxYMA1roLsASmRR8YQee01WZRSzyFvKy6hpD+FiF47V11AsxtiMfjIH6H8qyVFIboW0C83PK2x/h3PI3G3g=="
		},
		"@interactjs/pointer-events": {
			"version": "1.6.1",
			"resolved": "http://192.168.20.38:4873/@interactjs%2fpointer-events/-/pointer-events-1.6.1.tgz",
			"integrity": "sha512-01NNM1UldpBKYVudMPzuO7mTal3m/nX5IAR2XDdTACiynX7dn/xrmAy32JEqswZViBm3AXT0CG8hFehHYkoSbw=="
		},
		"@interactjs/reflow": {
			"version": "1.6.1",
			"resolved": "http://192.168.20.38:4873/@interactjs%2freflow/-/reflow-1.6.1.tgz",
			"integrity": "sha512-Fv6ovjTNCKU3Ag47P5HqAD7CNxUQhlmf+g+3JFHCvnYPPq36VvHl0l6Ms/7CmvJ4II03PuIxYcwFlvFDmMU81g=="
		},
		"@interactjs/types": {
			"version": "1.6.1",
			"resolved": "http://192.168.20.38:4873/@interactjs%2ftypes/-/types-1.6.1.tgz",
			"integrity": "sha512-3+ihFB95tIgr/3FZuSifI88OO4mi2i76CzsstEkIMMw1pC92swlJFkkxR5p2BlLUkvHNYWwpGkW4MdiTImF8aw==",
			"requires": {
				"@interactjs/actions": "1.6.1",
				"@interactjs/auto-scroll": "1.6.1",
				"@interactjs/auto-start": "1.6.1",
				"@interactjs/core": "1.6.1",
				"@interactjs/dev-tools": "1.6.1",
				"@interactjs/inertia": "1.6.1",
				"@interactjs/interact": "1.6.1",
				"@interactjs/modifiers": "1.6.1",
				"@interactjs/pointer-events": "1.6.1",
				"@interactjs/reflow": "1.6.1",
				"@interactjs/utils": "1.6.1"
			}
		},
		"@interactjs/utils": {
			"version": "1.6.1",
			"resolved": "http://192.168.20.38:4873/@interactjs%2futils/-/utils-1.6.1.tgz",
			"integrity": "sha512-ORQsmkCxuw66vHcivL2s8yf+3R8BVMNe3poO4T/bFqXCwxk5XTyBHv+nSltihP3sDd9GZ5czbh2unxVYtlbzYA=="
		},
		"interactjs": {
			"version": "1.6.1",
			"resolved": "http://192.168.20.38:4873/interactjs/-/interactjs-1.6.1.tgz",
			"integrity": "sha512-hYpptaCvPNWMG/YOkZjtQ+nbibGvZXcrzVoleswiVlAfuOv3ARMkqpPBwdQkq1rM1ZT6lrmABI4yeGJrBdkAug==",
			"requires": {
				"@interactjs/types": "1.6.1"
			}
		}
	}
}
