{
	"name": "@sdx/view",
	"version": "1.1.23",
	"lockfileVersion": 1,
	"requires": true,
	"dependencies": {
		"@phosphor/algorithm": {
			"version": "1.2.0",
			"resolved": "http://192.168.20.38:4873/@phosphor%2falgorithm/-/algorithm-1.2.0.tgz",
			"integrity": "sha512-C9+dnjXyU2QAkWCW6QVDGExk4hhwxzAKf5/FIuYlHAI9X5vFv99PYm0EREDxX1PbMuvfFBZhPNu0PvuSDQ7sFA=="
		},
		"@phosphor/commands": {
			"version": "1.7.0",
			"resolved": "http://192.168.20.38:4873/@phosphor%2fcommands/-/commands-1.7.0.tgz",
			"integrity": "sha512-2tkij4fiU0WcnUiY0H0kX9mQhdJms5X6s+X9Uzx5P+KJZm0B83VIC1OEb1YYDYh8ar+LMr0dBnM5ljvZbptUXw==",
			"requires": {
				"@phosphor/algorithm": "^1.2.0",
				"@phosphor/coreutils": "^1.3.1",
				"@phosphor/disposable": "^1.3.0",
				"@phosphor/domutils": "^1.1.3",
				"@phosphor/keyboard": "^1.1.3",
				"@phosphor/signaling": "^1.3.0"
			}
		},
		"@phosphor/coreutils": {
			"version": "1.3.1",
			"resolved": "http://192.168.20.38:4873/@phosphor%2fcoreutils/-/coreutils-1.3.1.tgz",
			"integrity": "sha512-9OHCn8LYRcPU/sbHm5v7viCA16Uev3gbdkwqoQqlV+EiauDHl70jmeL7XVDXdigl66Dz0LI11C99XOxp+s3zOA=="
		},
		"@phosphor/disposable": {
			"version": "1.3.0",
			"resolved": "http://192.168.20.38:4873/@phosphor%2fdisposable/-/disposable-1.3.0.tgz",
			"integrity": "sha512-wHQov7HoS20mU6yuEz5ZMPhfxHdcxGovjPoid0QwccUEOm33UBkWlxaJGm9ONycezIX8je7ZuPOf/gf7JI6Dlg==",
			"requires": {
				"@phosphor/algorithm": "^1.2.0",
				"@phosphor/signaling": "^1.3.0"
			}
		},
		"@phosphor/domutils": {
			"version": "1.1.3",
			"resolved": "http://192.168.20.38:4873/@phosphor%2fdomutils/-/domutils-1.1.3.tgz",
			"integrity": "sha512-5CtLAhURQXXHhNXfQydDk/luG1cDVnhlu/qw7gz8/9pht0KXIAmNg/M0LKxx2oJ9+YMNCLVWxAnHAU0yrDpWSA=="
		},
		"@phosphor/keyboard": {
			"version": "1.1.3",
			"resolved": "http://192.168.20.38:4873/@phosphor%2fkeyboard/-/keyboard-1.1.3.tgz",
			"integrity": "sha512-dzxC/PyHiD6mXaESRy6PZTd9JeK+diwG1pyngkyUf127IXOEzubTIbu52VSdpGBklszu33ws05BAGDa4oBE4mQ=="
		},
		"@phosphor/signaling": {
			"version": "1.3.0",
			"resolved": "http://192.168.20.38:4873/@phosphor%2fsignaling/-/signaling-1.3.0.tgz",
			"integrity": "sha512-ZbG2Mof4LGSkaEuDicqA2o2TKu3i5zanjr2GkevI/82aKBD7cI1NGLGT55HZwtE87/gOF4FIM3d3DeyrFDMjMQ==",
			"requires": {
				"@phosphor/algorithm": "^1.2.0"
			}
		},
		"base64-arraybuffer-es6": {
			"version": "0.5.0",
			"resolved": "https://registry.npmjs.org/base64-arraybuffer-es6/-/base64-arraybuffer-es6-0.5.0.tgz",
			"integrity": "sha512-UCIPaDJrNNj5jG2ZL+nzJ7czvZV/ZYX6LaIRgfVU1k1edJOQg7dkbiSKzwHkNp6aHEHER/PhlFBrMYnlvJJQEw=="
		},
		"core-js": {
			"version": "2.6.9",
			"resolved": "https://registry.npmjs.org/core-js/-/core-js-2.6.9.tgz",
			"integrity": "sha512-HOpZf6eXmnl7la+cUdMnLvUxKNqLUzJvgIziQ0DiF3JwSImNphIqdGqzj6hIKyX04MmV0poclQ7+wjWvxQyR2A=="
		},
		"domexception": {
			"version": "1.0.1",
			"resolved": "https://registry.npmjs.org/domexception/-/domexception-1.0.1.tgz",
			"integrity": "sha512-raigMkn7CJNNo6Ihro1fzG7wr3fHuYVytzquZKX5n0yizGsTcYgzdIUwj1X9pK0VvjeihV+XiclP+DjwbsSKug==",
			"requires": {
				"webidl-conversions": "^4.0.2"
			}
		},
		"fake-indexeddb": {
			"version": "2.1.1",
			"resolved": "https://registry.npmjs.org/fake-indexeddb/-/fake-indexeddb-2.1.1.tgz",
			"integrity": "sha512-di5PzbH6/gleD4qcpxT1IDtNNMTKuEs+C2KeJDP1e4mwP2L0UY+vPcTkCdIGq8IcaUUph6IkCrUZJvtpFUdhfg==",
			"requires": {
				"core-js": "^2.4.1",
				"realistic-structured-clone": "^2.0.1",
				"setimmediate": "^1.0.5"
			}
		},
		"lodash.sortby": {
			"version": "4.7.0",
			"resolved": "https://registry.npmjs.org/lodash.sortby/-/lodash.sortby-4.7.0.tgz",
			"integrity": "sha1-7dFMgk4sycHgsKG0K7UhBRakJDg="
		},
		"punycode": {
			"version": "2.1.1",
			"resolved": "https://registry.npmjs.org/punycode/-/punycode-2.1.1.tgz",
			"integrity": "sha512-XRsRjdf+j5ml+y/6GKHPZbrF/8p2Yga0JPtdqTIY2Xe5ohJPD9saDJJLPvp9+NSBprVvevdXZybnj2cv8OEd0A=="
		},
		"realistic-structured-clone": {
			"version": "2.0.2",
			"resolved": "https://registry.npmjs.org/realistic-structured-clone/-/realistic-structured-clone-2.0.2.tgz",
			"integrity": "sha512-5IEvyfuMJ4tjQOuKKTFNvd+H9GSbE87IcendSBannE28PTrbolgaVg5DdEApRKhtze794iXqVUFKV60GLCNKEg==",
			"requires": {
				"core-js": "^2.5.3",
				"domexception": "^1.0.1",
				"typeson": "^5.8.2",
				"typeson-registry": "^1.0.0-alpha.20"
			}
		},
		"setimmediate": {
			"version": "1.0.5",
			"resolved": "https://registry.npmjs.org/setimmediate/-/setimmediate-1.0.5.tgz",
			"integrity": "sha1-KQy7Iy4waULX1+qbg3Mqt4VvgoU="
		},
		"tr46": {
			"version": "1.0.1",
			"resolved": "https://registry.npmjs.org/tr46/-/tr46-1.0.1.tgz",
			"integrity": "sha1-qLE/1r/SSJUZZ0zN5VujaTtwbQk=",
			"requires": {
				"punycode": "^2.1.0"
			}
		},
		"typeson": {
			"version": "5.13.0",
			"resolved": "https://registry.npmjs.org/typeson/-/typeson-5.13.0.tgz",
			"integrity": "sha512-xcSaSt+hY/VcRYcqZuVkJwMjDXXJb4CZd51qDocpYw8waA314ygyOPlKhsGsw4qKuJ0tfLLUrxccrm+xvyS0AQ=="
		},
		"typeson-registry": {
			"version": "1.0.0-alpha.28",
			"resolved": "https://registry.npmjs.org/typeson-registry/-/typeson-registry-1.0.0-alpha.28.tgz",
			"integrity": "sha512-WQD4dPXak+20mUiFFeaI0xh+dqiMQs2fmPFzX6akg1+WN74ocVFjYFwRbWNdtLuCUomxXrxAMP9dxjCakZQHvQ==",
			"requires": {
				"base64-arraybuffer-es6": "0.5.0",
				"typeson": "5.13.0",
				"whatwg-url": "7.0.0"
			}
		},
		"webidl-conversions": {
			"version": "4.0.2",
			"resolved": "https://registry.npmjs.org/webidl-conversions/-/webidl-conversions-4.0.2.tgz",
			"integrity": "sha512-YQ+BmxuTgd6UXZW3+ICGfyqRyHXVlD5GtQr5+qjiNW7bF0cqrzX500HVXPBOvgXb5YnzDd+h0zqyv61KUD7+Sg=="
		},
		"whatwg-url": {
			"version": "7.0.0",
			"resolved": "https://registry.npmjs.org/whatwg-url/-/whatwg-url-7.0.0.tgz",
			"integrity": "sha512-37GeVSIJ3kn1JgKyjiYNmSLP1yzbpb29jdmwBSgkD9h40/hyrR/OifpVUndji3tmwGgD8qpw7iQu3RSbCrBpsQ==",
			"requires": {
				"lodash.sortby": "^4.7.0",
				"tr46": "^1.0.1",
				"webidl-conversions": "^4.0.2"
			}
		}
	}
}
