{
	"name": "@sdx/view",
	"version": "1.0.2",
	"lockfileVersion": 1,
	"requires": true,
	"dependencies": {
		"@sdx/utils": {
			"version": "1.0.2",
			"resolved": "http://192.168.20.38:4873/@sdx%2futils/-/utils-1.0.2.tgz",
			"integrity": "sha512-Gc9vKt7SPtPCxjWi9or3Vn+B6B3I5mIs/6v5NcUZsiL33Sc4IErI1u599DN47ODaejQg9z11sWqyctN93Zn8hg=="
		}
	}
}
