{
	"name": "@sdx/widget",
	"version": "1.0.4",
	"lockfileVersion": 1,
	"requires": true,
	"dependencies": {
		"codemirror": {
			"version": "5.47.0",
			"resolved": "http://192.168.20.38:4873/codemirror/-/codemirror-5.47.0.tgz",
			"integrity": "sha512-kV49Fr+NGFHFc/Imsx6g180hSlkGhuHxTSDDmDHOuyln0MQYFLixDY4+bFkBVeCEiepYfDimAF/e++9jPJk4QA=="
		},
		"vue-codemirror-lite": {
			"version": "1.0.4",
			"resolved": "http://192.168.20.38:4873/vue-codemirror-lite/-/vue-codemirror-lite-1.0.4.tgz",
			"integrity": "sha1-SKXNfRfAkUUDyM2dm1a0OOScNBA=",
			"requires": {
				"codemirror": "5.47.0"
			}
		}
	}
}
