{
	"name": "@sdx/widget",
	"version": "1.0.4",
	"lockfileVersion": 1,
	"requires": true,
	"dependencies": {
		"@types/anymatch": {
			"version": "1.3.1",
			"resolved": "http://192.168.20.38:4873/@types%2fanymatch/-/anymatch-1.3.1.tgz",
			"integrity": "sha512-/+CRPXpBDpo2RK9C68N3b2cOvO0Cf5B9aPijHsoDQTHivnGSObdOF2BRQOYjojWTDy6nQvMjmqRXIxH55VjxxA=="
		},
		"@types/node": {
			"version": "12.0.7",
			"resolved": "http://192.168.20.38:4873/@types%2fnode/-/node-12.0.7.tgz",
			"integrity": "sha512-1YKeT4JitGgE4SOzyB9eMwO0nGVNkNEsm9qlIt1Lqm/tG2QEiSMTD4kS3aO6L+w5SClLVxALmIBESK6Mk5wX0A=="
		},
		"@types/tapable": {
			"version": "1.0.4",
			"resolved": "http://192.168.20.38:4873/@types%2ftapable/-/tapable-1.0.4.tgz",
			"integrity": "sha512-78AdXtlhpCHT0K3EytMpn4JNxaf5tbqbLcbIRoQIHzpTIyjpxLQKRoxU55ujBXAtg3Nl2h/XWvfDa9dsMOd0pQ=="
		},
		"@types/uglify-js": {
			"version": "3.0.4",
			"resolved": "http://192.168.20.38:4873/@types%2fuglify-js/-/uglify-js-3.0.4.tgz",
			"integrity": "sha512-SudIN9TRJ+v8g5pTG8RRCqfqTMNqgWCKKd3vtynhGzkIIjxaicNAMuY5TRadJ6tzDu3Dotf3ngaMILtmOdmWEQ==",
			"requires": {
				"source-map": "0.6.1"
			}
		},
		"@types/webpack": {
			"version": "4.4.32",
			"resolved": "http://192.168.20.38:4873/@types%2fwebpack/-/webpack-4.4.32.tgz",
			"integrity": "sha512-mNARoaSJTzbiHxtZbf9NULFilu2frqD+g9Iyl9V2jPYJWXi+AC3Hz8lQWPZ5LLtgUm7iF4SDDMB/1bPrbRQgFw==",
			"requires": {
				"@types/anymatch": "1.3.1",
				"@types/node": "12.0.7",
				"@types/tapable": "1.0.4",
				"@types/uglify-js": "3.0.4",
				"source-map": "0.6.1"
			}
		},
		"codemirror": {
			"version": "5.47.0",
			"resolved": "http://192.168.20.38:4873/codemirror/-/codemirror-5.47.0.tgz",
			"integrity": "sha512-kV49Fr+NGFHFc/Imsx6g180hSlkGhuHxTSDDmDHOuyln0MQYFLixDY4+bFkBVeCEiepYfDimAF/e++9jPJk4QA=="
		},
		"monaco-editor": {
			"version": "0.17.0",
			"resolved": "http://192.168.20.38:4873/monaco-editor/-/monaco-editor-0.17.0.tgz",
			"integrity": "sha512-8BQQHCFxy3DF0GYFOy5BmcCWlwm/XaTMPbPbN4gwItFGctZErSfX82uQSBpojJSlPNyudB5Q5qnukoorD3/UuA=="
		},
		"monaco-editor-webpack-plugin": {
			"version": "1.7.0",
			"resolved": "http://192.168.20.38:4873/monaco-editor-webpack-plugin/-/monaco-editor-webpack-plugin-1.7.0.tgz",
			"integrity": "sha512-oItymcnlL14Sjd7EF7q+CMhucfwR/2BxsqrXIBrWL6LQplFfAfV+grLEQRmVHeGSBZ/Gk9ptzfueXnWcoEcFuA==",
			"requires": {
				"@types/webpack": "4.4.32"
			}
		},
		"nano-assign": {
			"version": "1.0.1",
			"resolved": "http://192.168.20.38:4873/nano-assign/-/nano-assign-1.0.1.tgz",
			"integrity": "sha512-1K8ncUoAYFPYcCZqrB+K2XQaFCmA35rryJCtPkGrG3zYkwm+iIUZRIHyaAfuy6zxaK9siPdjeJq7+Inijm6xhw=="
		},
		"source-map": {
			"version": "0.6.1",
			"resolved": "http://192.168.20.38:4873/source-map/-/source-map-0.6.1.tgz",
			"integrity": "sha512-UjgapumWlbMhkBgzT7Ykc5YXUT46F0iKu8SGXq0bcwP5dz/h0Plj6enJqjz1Zbq2l5WaqYnrVbwWOWMyF3F47g=="
		},
		"vue-codemirror-lite": {
			"version": "1.0.4",
			"resolved": "http://192.168.20.38:4873/vue-codemirror-lite/-/vue-codemirror-lite-1.0.4.tgz",
			"integrity": "sha1-SKXNfRfAkUUDyM2dm1a0OOScNBA=",
			"requires": {
				"codemirror": "5.47.0"
			}
		},
		"vue-monaco": {
			"version": "0.3.2",
			"resolved": "http://192.168.20.38:4873/vue-monaco/-/vue-monaco-0.3.2.tgz",
			"integrity": "sha512-GWdtTuxUxse+tqs7B9zH3CosCZlpXNae1G7dlI1lmUrEDG+vtoBtulUBjhLseHZIwsuthebcRNgkVSdDMa8Tcw==",
			"requires": {
				"monaco-editor": "0.17.0",
				"nano-assign": "1.0.1"
			}
		}
	}
}
