{
	"name": "@sdx/widget",
	"version": "1.1.23",
	"lockfileVersion": 1,
	"requires": true,
	"dependencies": {
		"codemirror": {
			"version": "5.47.0",
			"resolved": "http://192.168.20.38:4873/codemirror/-/codemirror-5.47.0.tgz",
			"integrity": "sha512-kV49Fr+NGFHFc/Imsx6g180hSlkGhuHxTSDDmDHOuyln0MQYFLixDY4+bFkBVeCEiepYfDimAF/e++9jPJk4QA=="
		},
		"diff-match-patch": {
			"version": "1.0.4",
			"resolved": "http://192.168.20.38:4873/diff-match-patch/-/diff-match-patch-1.0.4.tgz",
			"integrity": "sha512-Uv3SW8bmH9nAtHKaKSanOQmj2DnlH65fUpcrMdfdaOxUG02QQ4YGZ8AE7kKOMisF7UqvOlGKVYWRvezdncW9lg=="
		},
		"vue-codemirror": {
			"version": "4.0.6",
			"resolved": "http://192.168.20.38:4873/vue-codemirror/-/vue-codemirror-4.0.6.tgz",
			"integrity": "sha512-ilU7Uf0mqBNSSV3KT7FNEeRIxH4s1fmpG4TfHlzvXn0QiQAbkXS9lLfwuZpaBVEnpP5CSE62iGJjoliTuA8poQ==",
			"requires": {
				"codemirror": "^5.41.0",
				"diff-match-patch": "^1.0.0"
			}
		}
	}
}
