{
	"name": "@sdx/ui",
	"version": "2.0.13",
	"lockfileVersion": 1,
	"requires": true,
	"dependencies": {
		"codemirror": {
			"version": "5.49.2",
			"resolved": "http://192.168.20.38:4873/codemirror/-/codemirror-5.49.2.tgz",
			"integrity": "sha512-dwJ2HRPHm8w51WB5YTF9J7m6Z5dtkqbU9ntMZ1dqXyFB9IpjoUFDj80ahRVEoVanfIp6pfASJbOlbWdEf8FOzQ==",
			"dev": true
		},
		"dexie": {
			"version": "2.0.4",
			"resolved": "http://192.168.20.38:4873/dexie/-/dexie-2.0.4.tgz",
			"integrity": "sha512-aQ/s1U2wHxwBKRrt2Z/mwFNHMQWhESerFsMYzE+5P5OsIe5o1kgpFMWkzKTtkvkyyEni6mWr/T4HUJuY9xIHLA=="
		},
		"diff-match-patch": {
			"version": "1.0.4",
			"resolved": "http://192.168.20.38:4873/diff-match-patch/-/diff-match-patch-1.0.4.tgz",
			"integrity": "sha512-Uv3SW8bmH9nAtHKaKSanOQmj2DnlH65fUpcrMdfdaOxUG02QQ4YGZ8AE7kKOMisF7UqvOlGKVYWRvezdncW9lg==",
			"dev": true
		},
		"popper.js": {
			"version": "1.15.0",
			"resolved": "http://192.168.20.38:4873/popper.js/-/popper.js-1.15.0.tgz",
			"integrity": "sha512-w010cY1oCUmI+9KwwlWki+r5jxKfTFDVoadl7MSrIujHU5MJ5OR6HTDj6Xo8aoR/QsA56x8jKjA59qGH4ELtrA=="
		},
		"vue-codemirror": {
			"version": "4.0.6",
			"resolved": "http://192.168.20.38:4873/vue-codemirror/-/vue-codemirror-4.0.6.tgz",
			"integrity": "sha512-ilU7Uf0mqBNSSV3KT7FNEeRIxH4s1fmpG4TfHlzvXn0QiQAbkXS9lLfwuZpaBVEnpP5CSE62iGJjoliTuA8poQ==",
			"dev": true,
			"requires": {
				"codemirror": "^5.41.0",
				"diff-match-patch": "^1.0.0"
			}
		}
	}
}
