{
	"name": "@sdx/ui",
	"version": "1.0.1",
	"lockfileVersion": 1,
	"requires": true,
	"dependencies": {
		"vue": {
			"version": "2.6.10",
			"resolved": "http://192.168.20.38:4873/vue/-/vue-2.6.10.tgz",
			"integrity": "sha512-ImThpeNU9HbdZL3utgMCq0oiMzAkt1mcgy3/E6zWC/G6AaQoeuFdsl9nDhTDU3X1R6FK7nsIUuRACVcjI+A2GQ=="
		}
	}
}
