# THIS IS AN AUTOGENERATED FILE. DO NOT EDIT THIS FILE DIRECTLY.
# yarn lockfile v1


"@sdx/utils@^1.0.2":
  version "1.0.2"
  resolved "http://192.168.20.38:4873/@sdx%2futils/-/utils-1.0.2.tgz#e02200c0eca1fc271f88f2e5757768f1d6f01ebf"
  integrity sha512-Gc9vKt7SPtPCxjWi9or3Vn+B6B3I5mIs/6v5NcUZsiL33Sc4IErI1u599DN47ODaejQg9z11sWqyctN93Zn8hg==

vuescroll@^4.12.2:
  version "4.12.2"
  resolved "http://192.168.20.38:4873/vuescroll/-/vuescroll-4.12.2.tgz#fc61e8e8867881475f99d5ae753d47db05d8cce7"
  integrity sha512-ND29bRjG0loUNIY6UjsXhmnb/jStWjNJKB1upUycUBj6jAo1XfT7K2kniaNo67kV2VZpIKziMh2MgjtktaRfyw==
